
Microsoft Visual Studio Solution File, Format Version 12.00
# Visual Studio 2012
Project("{FAE04EC0-301F-11D3-BF4B-00C04F79EFBC}") = "GC_Panel", "GC_Panel\GC_Panel.csproj", "{B6400177-4168-4859-9195-44935BAF1402}"
EndProject
Global
	GlobalSection(SolutionConfigurationPlatforms) = preSolution
		Debug|Any CPU = Debug|Any CPU
		Release|Any CPU = Release|Any CPU
	EndGlobalSection
	GlobalSection(ProjectConfigurationPlatforms) = postSolution
		{B6400177-4168-4859-9195-44935BAF1402}.Debug|Any CPU.ActiveCfg = Debug|Any CPU
		{B6400177-4168-4859-9195-44935BAF1402}.Debug|Any CPU.Build.0 = Debug|Any CPU
		{B6400177-4168-4859-9195-44935BAF1402}.Release|Any CPU.ActiveCfg = Release|Any CPU
		{B6400177-4168-4859-9195-44935BAF1402}.Release|Any CPU.Build.0 = Release|Any CPU
	EndGlobalSection
	GlobalSection(SolutionProperties) = preSolution
		HideSolutionNode = FALSE
	EndGlobalSection
EndGlobal
